{
  "name": "personal-spa",
  "version": "0.1.0",
  "lockfileVersion": 1,
  "requires": true,
  "dependencies": {
    "asap": {
      "version": "2.0.6",
      "resolved": "https://registry.npmjs.org/asap/-/asap-2.0.6.tgz",
      "integrity": "sha1-5QNHYR1+aQlDIIu9r+vLwvuGbUY="
    },
    "babel-runtime": {
      "version": "6.26.0",
      "resolved": "https://registry.npmjs.org/babel-runtime/-/babel-runtime-6.26.0.tgz",
      "integrity": "sha1-llxwWGaOgrVde/4E/yM3vItWR/4=",
      "requires": {
        "core-js": "2.5.1",
        "regenerator-runtime": "0.11.0"
      },
      "dependencies": {
        "core-js": {
          "version": "2.5.1",
          "resolved": "https://registry.npmjs.org/core-js/-/core-js-2.5.1.tgz",
          "integrity": "sha1-rmh03GaTd4m4B1T/VCjfZoGcpQs="
        }
      }
    },
    "brcast": {
      "version": "3.0.1",
      "resolved": "https://registry.npmjs.org/brcast/-/brcast-3.0.1.tgz",
      "integrity": "sha512-eI3yqf9YEqyGl9PCNTR46MGvDylGtaHjalcz6Q3fAPnP/PhpKkkve52vFdfGpwp4VUvK6LUr4TQN+2stCrEwTg=="
    },
    "chain-function": {
      "version": "1.0.0",
      "resolved": "https://registry.npmjs.org/chain-function/-/chain-function-1.0.0.tgz",
      "integrity": "sha1-DUqzfn4Y6tC9xHuSB2QRjOWHM9w="
    },
    "change-emitter": {
      "version": "0.1.6",
      "resolved": "https://registry.npmjs.org/change-emitter/-/change-emitter-0.1.6.tgz",
      "integrity": "sha1-6LL+PX8at9aaMhma/5HqaTFAlRU="
    },
    "classnames": {
      "version": "2.2.5",
      "resolved": "https://registry.npmjs.org/classnames/-/classnames-2.2.5.tgz",
      "integrity": "sha1-+zgB1FNGdknvNgPH1hoCvRKb3m0="
    },
    "core-js": {
      "version": "1.2.7",
      "resolved": "https://registry.npmjs.org/core-js/-/core-js-1.2.7.tgz",
      "integrity": "sha1-ZSKUwUZR2yj6k70tX/KYOk8IxjY="
    },
    "create-react-class": {
      "version": "15.6.0",
      "resolved": "https://registry.npmjs.org/create-react-class/-/create-react-class-15.6.0.tgz",
      "integrity": "sha1-q0SEl8JlZuHilBPogyB9V8/nvtQ=",
      "requires": {
        "fbjs": "0.8.15",
        "loose-envify": "1.3.1",
        "object-assign": "4.1.1"
      }
    },
    "css-vendor": {
      "version": "0.3.8",
      "resolved": "https://registry.npmjs.org/css-vendor/-/css-vendor-0.3.8.tgz",
      "integrity": "sha1-ZCHP0wNM5mT+dnOXL9ARn8KJQfo=",
      "requires": {
        "is-in-browser": "1.1.3"
      }
    },
    "deepmerge": {
      "version": "1.5.1",
      "resolved": "https://registry.npmjs.org/deepmerge/-/deepmerge-1.5.1.tgz",
      "integrity": "sha512-Ndl8eeOHB9dQkmT1HWCgY3t0odl4bmWKFzjQZBYAxVTNs2B3nn5b6orimRYHKZ4FI8psvZkA1INRCW6l7vc9lQ=="
    },
    "dom-helpers": {
      "version": "3.2.1",
      "resolved": "https://registry.npmjs.org/dom-helpers/-/dom-helpers-3.2.1.tgz",
      "integrity": "sha1-MgPgf+0he9H0JLAZc1WC/Deyglo="
    },
    "dom-walk": {
      "version": "0.1.1",
      "resolved": "https://registry.npmjs.org/dom-walk/-/dom-walk-0.1.1.tgz",
      "integrity": "sha1-ZyIm3HTI95mtNTB9+TaroRrNYBg="
    },
    "encoding": {
      "version": "0.1.12",
      "resolved": "https://registry.npmjs.org/encoding/-/encoding-0.1.12.tgz",
      "integrity": "sha1-U4tm8+5izRq1HsMjgp0flIDHS+s=",
      "requires": {
        "iconv-lite": "0.4.19"
      }
    },
    "fbjs": {
      "version": "0.8.15",
      "resolved": "https://registry.npmjs.org/fbjs/-/fbjs-0.8.15.tgz",
      "integrity": "sha1-TwaV/fzBbDfAsH+s7Iy0xAkWhbk=",
      "requires": {
        "core-js": "1.2.7",
        "isomorphic-fetch": "2.2.1",
        "loose-envify": "1.3.1",
        "object-assign": "4.1.1",
        "promise": "7.3.1",
        "setimmediate": "1.0.5",
        "ua-parser-js": "0.7.14"
      }
    },
    "global": {
      "version": "4.3.2",
      "resolved": "https://registry.npmjs.org/global/-/global-4.3.2.tgz",
      "integrity": "sha1-52mJJopsdMOJCLEwWxD8DjlOnQ8=",
      "requires": {
        "min-document": "2.19.0",
        "process": "0.5.2"
      }
    },
    "history": {
      "version": "4.7.2",
      "resolved": "https://registry.npmjs.org/history/-/history-4.7.2.tgz",
      "integrity": "sha512-1zkBRWW6XweO0NBcjiphtVJVsIQ+SXF29z9DVkceeaSLVMFXHool+fdCZD4spDCfZJCILPILc3bm7Bc+HRi0nA==",
      "requires": {
        "invariant": "2.2.2",
        "loose-envify": "1.3.1",
        "resolve-pathname": "2.2.0",
        "value-equal": "0.4.0",
        "warning": "3.0.0"
      }
    },
    "hoist-non-react-statics": {
      "version": "2.3.1",
      "resolved": "https://registry.npmjs.org/hoist-non-react-statics/-/hoist-non-react-statics-2.3.1.tgz",
      "integrity": "sha1-ND24TGAYxlB3iJgkATWhQg7iLOA="
    },
    "iconv-lite": {
      "version": "0.4.19",
      "resolved": "https://registry.npmjs.org/iconv-lite/-/iconv-lite-0.4.19.tgz",
      "integrity": "sha512-oTZqweIP51xaGPI4uPa56/Pri/480R+mo7SeU+YETByQNhDG55ycFyNLIgta9vXhILrxXDmF7ZGhqZIcuN0gJQ=="
    },
    "invariant": {
      "version": "2.2.2",
      "resolved": "https://registry.npmjs.org/invariant/-/invariant-2.2.2.tgz",
      "integrity": "sha1-nh9WrArNtr8wMwbzOL47IErmA2A=",
      "requires": {
        "loose-envify": "1.3.1"
      }
    },
    "is-equal-shallow": {
      "version": "0.1.3",
      "resolved": "https://registry.npmjs.org/is-equal-shallow/-/is-equal-shallow-0.1.3.tgz",
      "integrity": "sha1-IjgJj8Ih3gvPpdnqxMRdY4qhxTQ=",
      "requires": {
        "is-primitive": "2.0.0"
      }
    },
    "is-function": {
      "version": "1.0.1",
      "resolved": "https://registry.npmjs.org/is-function/-/is-function-1.0.1.tgz",
      "integrity": "sha1-Es+5i2W1fdPRk6MSH19uL0N2ArU="
    },
    "is-in-browser": {
      "version": "1.1.3",
      "resolved": "https://registry.npmjs.org/is-in-browser/-/is-in-browser-1.1.3.tgz",
      "integrity": "sha1-Vv9NtoOgeMYILrldrX3GLh0E+DU="
    },
    "is-plain-object": {
      "version": "2.0.4",
      "resolved": "https://registry.npmjs.org/is-plain-object/-/is-plain-object-2.0.4.tgz",
      "integrity": "sha512-h5PpgXkWitc38BBMYawTYMWJHFZJVnBquFE57xFpjB8pJFiF6gZ+bU+WyI/yqXiFR5mdLsgYNaPe8uao6Uv9Og==",
      "requires": {
        "isobject": "3.0.1"
      }
    },
    "is-primitive": {
      "version": "2.0.0",
      "resolved": "https://registry.npmjs.org/is-primitive/-/is-primitive-2.0.0.tgz",
      "integrity": "sha1-IHurkWOEmcB7Kt8kCkGochADRXU="
    },
    "is-stream": {
      "version": "1.1.0",
      "resolved": "https://registry.npmjs.org/is-stream/-/is-stream-1.1.0.tgz",
      "integrity": "sha1-EtSj3U5o4Lec6428hBc66A2RykQ="
    },
    "isarray": {
      "version": "0.0.1",
      "resolved": "https://registry.npmjs.org/isarray/-/isarray-0.0.1.tgz",
      "integrity": "sha1-ihis/Kmo9Bd+Cav8YDiTmwXR7t8="
    },
    "isobject": {
      "version": "3.0.1",
      "resolved": "https://registry.npmjs.org/isobject/-/isobject-3.0.1.tgz",
      "integrity": "sha1-TkMekrEalzFjaqH5yNHMvP2reN8="
    },
    "isomorphic-fetch": {
      "version": "2.2.1",
      "resolved": "https://registry.npmjs.org/isomorphic-fetch/-/isomorphic-fetch-2.2.1.tgz",
      "integrity": "sha1-YRrhrPFPXoH3KVB0coGf6XM1WKk=",
      "requires": {
        "node-fetch": "1.7.3",
        "whatwg-fetch": "2.0.3"
      }
    },
    "js-tokens": {
      "version": "3.0.2",
      "resolved": "https://registry.npmjs.org/js-tokens/-/js-tokens-3.0.2.tgz",
      "integrity": "sha1-mGbfOVECEw449/mWvOtlRDIJwls="
    },
    "jss": {
      "version": "8.1.0",
      "resolved": "https://registry.npmjs.org/jss/-/jss-8.1.0.tgz",
      "integrity": "sha512-NZ4CNAoPaPlM2rqHxPG5uGQbQEFZ9n1PITn0+wGIdAk2ZtA/F6el0SphLHf8So1Sx6N34hnVFFIuc32/hdsEzw==",
      "requires": {
        "is-in-browser": "1.1.3",
        "warning": "3.0.0"
      }
    },
    "jss-camel-case": {
      "version": "5.0.0",
      "resolved": "https://registry.npmjs.org/jss-camel-case/-/jss-camel-case-5.0.0.tgz",
      "integrity": "sha512-vz11ip5EIlGuevtlUo9xIgiuD+it4Ebbb0+Y4o0A4oA8eOWY4aY7ihi/L7WvkQ54xnGOjUvLZ6nm2VYch2ufYg=="
    },
    "jss-compose": {
      "version": "4.0.0",
      "resolved": "https://registry.npmjs.org/jss-compose/-/jss-compose-4.0.0.tgz",
      "integrity": "sha512-VnsEziD2Lwrfwp10wx39FNybRLW5+RX/E2qQAXPAMbS+nHc0Jf2dC6ZiCfn5FaBGrpzLfIZ9MalTJDx4CQoMAQ==",
      "requires": {
        "warning": "3.0.0"
      }
    },
    "jss-default-unit": {
      "version": "7.0.0",
      "resolved": "https://registry.npmjs.org/jss-default-unit/-/jss-default-unit-7.0.0.tgz",
      "integrity": "sha512-U1Oi1h45vFRuISr+g1DQ3Oua7CkNKNs47fTdiT/lHkuBMc6BBDUbPv9IbPPhk9gsEaX45Iy9TX8CAuaHLPCfEA=="
    },
    "jss-expand": {
      "version": "4.0.1",
      "resolved": "https://registry.npmjs.org/jss-expand/-/jss-expand-4.0.1.tgz",
      "integrity": "sha512-LRIMXXChAOgnhwSqYLJg8MS6dI98bf/sg52pAg04pbjOAtjfzyS0JTnQAiyk3PxqR3nKFR/Yv44ahpIpkdcxVA=="
    },
    "jss-extend": {
      "version": "5.0.0",
      "resolved": "https://registry.npmjs.org/jss-extend/-/jss-extend-5.0.0.tgz",
      "integrity": "sha512-fUp+9KipbdmzSfTxNHoT3mrFnE7fYn7EyHg3LTUexfpWrwj5Afkwb3iCfYV7GYCpg9OKDsqc18atwjHvSPWWKg==",
      "requires": {
        "warning": "3.0.0"
      }
    },
    "jss-global": {
      "version": "2.0.0",
      "resolved": "https://registry.npmjs.org/jss-global/-/jss-global-2.0.0.tgz",
      "integrity": "sha512-/FSOMp4lF/vg47T/w8kKvL9tu7ka9am8N4izS63W81Qlay9hAq6xe9RxrPxygLpnn4KEb8LNbkKRoUv4SJfQsQ=="
    },
    "jss-nested": {
      "version": "5.0.0",
      "resolved": "https://registry.npmjs.org/jss-nested/-/jss-nested-5.0.0.tgz",
      "integrity": "sha512-9Molau+XVpSc6QEco3EC5yXmzeGMc5ZVII8+qy6jD6bvu6Y9mpfGoJ00LalR/n7xr/LC7Cxgs44UQQlLzumMBg==",
      "requires": {
        "warning": "3.0.0"
      }
    },
    "jss-preset-default": {
      "version": "3.0.0",
      "resolved": "https://registry.npmjs.org/jss-preset-default/-/jss-preset-default-3.0.0.tgz",
      "integrity": "sha512-5wRsHsV89XjnQlUVN5jQfo6gcfcirDJmsMJL52HmWoQlV9SA+jhUtt1w3LjcJHe4e3tX4u/To/x3Btmhi+LZtQ==",
      "requires": {
        "jss-camel-case": "5.0.0",
        "jss-compose": "4.0.0",
        "jss-default-unit": "7.0.0",
        "jss-expand": "4.0.1",
        "jss-extend": "5.0.0",
        "jss-global": "2.0.0",
        "jss-nested": "5.0.0",
        "jss-props-sort": "5.0.0",
        "jss-vendor-prefixer": "6.0.0"
      }
    },
    "jss-props-sort": {
      "version": "5.0.0",
      "resolved": "https://registry.npmjs.org/jss-props-sort/-/jss-props-sort-5.0.0.tgz",
      "integrity": "sha512-xtoVE7BlcPaMN/dzypHPYJn+QiphLPB1skypAOp9zLkOozPbR/x0JVAFdZnd7zqmmjvg+Ma/txjSg0HN/eZsGA=="
    },
    "jss-vendor-prefixer": {
      "version": "6.0.0",
      "resolved": "https://registry.npmjs.org/jss-vendor-prefixer/-/jss-vendor-prefixer-6.0.0.tgz",
      "integrity": "sha512-leqW7B2QLXYsUNR3jsUZP3CkuOYcWXyfF8TSJc4XNxhVCNH7ztK5dcnF8nLoMnxT0w/ajloeJKcch2ty/viCAA==",
      "requires": {
        "css-vendor": "0.3.8"
      }
    },
    "keycode": {
      "version": "2.1.9",
      "resolved": "https://registry.npmjs.org/keycode/-/keycode-2.1.9.tgz",
      "integrity": "sha1-lkojxU5IiUBbSGGlyfBIDUUUHfo="
    },
    "lodash": {
      "version": "4.17.4",
      "resolved": "https://registry.npmjs.org/lodash/-/lodash-4.17.4.tgz",
      "integrity": "sha1-eCA6TRwyiuHYbcpkYONptX9AVa4="
    },
    "lodash-es": {
      "version": "4.17.4",
      "resolved": "https://registry.npmjs.org/lodash-es/-/lodash-es-4.17.4.tgz",
      "integrity": "sha1-3MHXVS4VCgZABzupyzHXDwMpUOc="
    },
    "loose-envify": {
      "version": "1.3.1",
      "resolved": "https://registry.npmjs.org/loose-envify/-/loose-envify-1.3.1.tgz",
      "integrity": "sha1-0aitM/qc4OcT1l/dCsi3SNR4yEg=",
      "requires": {
        "js-tokens": "3.0.2"
      }
    },
    "material-ui": {
      "version": "1.0.0-beta.10",
      "resolved": "https://registry.npmjs.org/material-ui/-/material-ui-1.0.0-beta.10.tgz",
      "integrity": "sha1-iqpajPnO42b0LDHH+22KLTcDlAQ=",
      "requires": {
        "babel-runtime": "6.26.0",
        "brcast": "3.0.1",
        "classnames": "2.2.5",
        "deepmerge": "1.5.1",
        "dom-helpers": "3.2.1",
        "hoist-non-react-statics": "1.2.0",
        "jss": "8.1.0",
        "jss-preset-default": "3.0.0",
        "keycode": "2.1.9",
        "lodash": "4.17.4",
        "prop-types": "15.5.10",
        "react-event-listener": "0.5.0",
        "react-jss": "7.1.0",
        "react-popper": "0.7.2",
        "react-scrollbar-size": "2.0.0",
        "react-transition-group": "2.2.0",
        "recompose": "0.24.0",
        "scroll": "2.0.1",
        "warning": "3.0.0"
      },
      "dependencies": {
        "hoist-non-react-statics": {
          "version": "1.2.0",
          "resolved": "https://registry.npmjs.org/hoist-non-react-statics/-/hoist-non-react-statics-1.2.0.tgz",
          "integrity": "sha1-qkSM8JhtVcxAdzsXF0t90GbLfPs="
        }
      }
    },
    "min-document": {
      "version": "2.19.0",
      "resolved": "https://registry.npmjs.org/min-document/-/min-document-2.19.0.tgz",
      "integrity": "sha1-e9KC4/WELtKVu3SM3Z8f+iyCRoU=",
      "requires": {
        "dom-walk": "0.1.1"
      }
    },
    "node-fetch": {
      "version": "1.7.3",
      "resolved": "https://registry.npmjs.org/node-fetch/-/node-fetch-1.7.3.tgz",
      "integrity": "sha512-NhZ4CsKx7cYm2vSrBAr2PvFOe6sWDf0UYLRqA6svUYg7+/TSfVAu49jYC4BvQ4Sms9SZgdqGBgroqfDhJdTyKQ==",
      "requires": {
        "encoding": "0.1.12",
        "is-stream": "1.1.0"
      }
    },
    "object-assign": {
      "version": "4.1.1",
      "resolved": "https://registry.npmjs.org/object-assign/-/object-assign-4.1.1.tgz",
      "integrity": "sha1-IQmtx5ZYh8/AXLvUQsrIv7s2CGM="
    },
    "path-to-regexp": {
      "version": "1.7.0",
      "resolved": "https://registry.npmjs.org/path-to-regexp/-/path-to-regexp-1.7.0.tgz",
      "integrity": "sha1-Wf3g9DW62suhA6hOnTvGTpa5k30=",
      "requires": {
        "isarray": "0.0.1"
      }
    },
    "popper.js": {
      "version": "1.12.5",
      "resolved": "https://registry.npmjs.org/popper.js/-/popper.js-1.12.5.tgz",
      "integrity": "sha512-6R2eXIy1xYukMNutoD+y/Gj0IpjEQhivyZonm5Vz0Fp8jdc7kvheKCvpM/t+PxqKb7VbLVnvPVEdTyslEb7f6w=="
    },
    "process": {
      "version": "0.5.2",
      "resolved": "https://registry.npmjs.org/process/-/process-0.5.2.tgz",
      "integrity": "sha1-FjjYqONML0QKkduVq5rrZ3/Bhc8="
    },
    "promise": {
      "version": "7.3.1",
      "resolved": "https://registry.npmjs.org/promise/-/promise-7.3.1.tgz",
      "integrity": "sha512-nolQXZ/4L+bP/UGlkfaIujX9BKxGwmQ9OT4mOt5yvy8iK1h3wqTEJCijzGANTCCl9nWjY41juyAn2K3Q1hLLTg==",
      "requires": {
        "asap": "2.0.6"
      }
    },
    "prop-types": {
      "version": "15.5.10",
      "resolved": "https://registry.npmjs.org/prop-types/-/prop-types-15.5.10.tgz",
      "integrity": "sha1-J5ffwxJhguOpXj37suiT3ddFYVQ=",
      "requires": {
        "fbjs": "0.8.15",
        "loose-envify": "1.3.1"
      }
    },
    "rafl": {
      "version": "1.2.2",
      "resolved": "https://registry.npmjs.org/rafl/-/rafl-1.2.2.tgz",
      "integrity": "sha1-/pMPdYIRAg1H44gV9Rlqi+QVB0A=",
      "requires": {
        "global": "4.3.2"
      }
    },
    "react-event-listener": {
      "version": "0.5.0",
      "resolved": "https://registry.npmjs.org/react-event-listener/-/react-event-listener-0.5.0.tgz",
      "integrity": "sha1-2CEFE1Vz4Yfj2QDRgVCliCMEuNE=",
      "requires": {
        "babel-runtime": "6.26.0",
        "fbjs": "0.8.15",
        "prop-types": "15.5.10",
        "warning": "3.0.0"
      }
    },
    "react-jss": {
      "version": "7.1.0",
      "resolved": "https://registry.npmjs.org/react-jss/-/react-jss-7.1.0.tgz",
      "integrity": "sha512-RjdweZ7kOEBSUFgP/jqo5eWRALcc3pnt+XYnKcuXIG5Ye6rCJpj4w1MqHJcsDhfs4LcYkWcQ5Be/oQ+stGlOfg==",
      "requires": {
        "hoist-non-react-statics": "1.2.0",
        "jss": "8.1.0",
        "jss-preset-default": "3.0.0",
        "prop-types": "15.5.10",
        "theming": "1.1.0"
      },
      "dependencies": {
        "hoist-non-react-statics": {
          "version": "1.2.0",
          "resolved": "https://registry.npmjs.org/hoist-non-react-statics/-/hoist-non-react-statics-1.2.0.tgz",
          "integrity": "sha1-qkSM8JhtVcxAdzsXF0t90GbLfPs="
        }
      }
    },
    "react-popper": {
      "version": "0.7.2",
      "resolved": "https://registry.npmjs.org/react-popper/-/react-popper-0.7.2.tgz",
      "integrity": "sha512-8BXpoVfCltBLU9lC7U1cPdJuxW3Vbv9+RsRB3mrgqrrmvto/ozikDumuLB+L1Va+EmgtU49c22PrQb+ArN6rdA==",
      "requires": {
        "is-equal-shallow": "0.1.3",
        "popper.js": "1.12.5",
        "prop-types": "15.5.10"
      }
    },
    "react-redux": {
      "version": "5.0.6",
      "resolved": "https://registry.npmjs.org/react-redux/-/react-redux-5.0.6.tgz",
      "integrity": "sha512-8taaaGu+J7PMJQDJrk/xiWEYQmdo3mkXw6wPr3K3LxvXis3Fymiq7c13S+Tpls/AyNUAsoONkU81AP0RA6y6Vw==",
      "requires": {
        "hoist-non-react-statics": "2.3.1",
        "invariant": "2.2.2",
        "lodash": "4.17.4",
        "lodash-es": "4.17.4",
        "loose-envify": "1.3.1",
        "prop-types": "15.5.10"
      }
    },
    "react-router": {
      "version": "4.2.0",
      "resolved": "https://registry.npmjs.org/react-router/-/react-router-4.2.0.tgz",
      "integrity": "sha512-DY6pjwRhdARE4TDw7XjxjZsbx9lKmIcyZoZ+SDO7SBJ1KUeWNxT22Kara2AC7u6/c2SYEHlEDLnzBCcNhLE8Vg==",
      "requires": {
        "history": "4.7.2",
        "hoist-non-react-statics": "2.3.1",
        "invariant": "2.2.2",
        "loose-envify": "1.3.1",
        "path-to-regexp": "1.7.0",
        "prop-types": "15.5.10",
        "warning": "3.0.0"
      }
    },
    "react-scrollbar-size": {
      "version": "2.0.0",
      "resolved": "https://registry.npmjs.org/react-scrollbar-size/-/react-scrollbar-size-2.0.0.tgz",
      "integrity": "sha1-YRIV9BBdso8fVsys5ifD/OE3ovM=",
      "requires": {
        "babel-runtime": "6.26.0",
        "prop-types": "15.5.10",
        "react-event-listener": "0.4.5"
      },
      "dependencies": {
        "react-event-listener": {
          "version": "0.4.5",
          "resolved": "https://registry.npmjs.org/react-event-listener/-/react-event-listener-0.4.5.tgz",
          "integrity": "sha1-4+iVoJcM8U7o+JAROvaBl6vz0LE=",
          "requires": {
            "babel-runtime": "6.26.0",
            "fbjs": "0.8.15",
            "prop-types": "15.5.10",
            "warning": "3.0.0"
          }
        }
      }
    },
    "react-transition-group": {
      "version": "2.2.0",
      "resolved": "https://registry.npmjs.org/react-transition-group/-/react-transition-group-2.2.0.tgz",
      "integrity": "sha1-eTv4yxW/6RsxAbJLzhwdKJFllXU=",
      "requires": {
        "chain-function": "1.0.0",
        "classnames": "2.2.5",
        "dom-helpers": "3.2.1",
        "loose-envify": "1.3.1",
        "prop-types": "15.5.10",
        "warning": "3.0.0"
      }
    },
    "recompose": {
      "version": "0.24.0",
      "resolved": "https://registry.npmjs.org/recompose/-/recompose-0.24.0.tgz",
      "integrity": "sha512-7+UVym5Mfks/ukIDfcAiasrY61YGki8uIs4CmLTGU7UV2lm2ObbhOl913WrlsZKu8x8uA/sLJUOI5hxVga0dIA==",
      "requires": {
        "change-emitter": "0.1.6",
        "fbjs": "0.8.15",
        "hoist-non-react-statics": "1.2.0",
        "symbol-observable": "1.0.4"
      },
      "dependencies": {
        "hoist-non-react-statics": {
          "version": "1.2.0",
          "resolved": "https://registry.npmjs.org/hoist-non-react-statics/-/hoist-non-react-statics-1.2.0.tgz",
          "integrity": "sha1-qkSM8JhtVcxAdzsXF0t90GbLfPs="
        }
      }
    },
    "redux": {
      "version": "3.7.2",
      "resolved": "https://registry.npmjs.org/redux/-/redux-3.7.2.tgz",
      "integrity": "sha512-pNqnf9q1hI5HHZRBkj3bAngGZW/JMCmexDlOxw4XagXY2o1327nHH54LoTjiPJ0gizoqPDRqWyX/00g0hD6w+A==",
      "requires": {
        "lodash": "4.17.4",
        "lodash-es": "4.17.4",
        "loose-envify": "1.3.1",
        "symbol-observable": "1.0.4"
      }
    },
    "regenerator-runtime": {
      "version": "0.11.0",
      "resolved": "https://registry.npmjs.org/regenerator-runtime/-/regenerator-runtime-0.11.0.tgz",
      "integrity": "sha512-/aA0kLeRb5N9K0d4fw7ooEbI+xDe+DKD499EQqygGqeS8N3xto15p09uY2xj7ixP81sNPXvRLnAQIqdVStgb1A=="
    },
    "resolve-pathname": {
      "version": "2.2.0",
      "resolved": "https://registry.npmjs.org/resolve-pathname/-/resolve-pathname-2.2.0.tgz",
      "integrity": "sha512-bAFz9ld18RzJfddgrO2e/0S2O81710++chRMUxHjXOYKF6jTAMrUNZrEZ1PvV0zlhfjidm08iRPdTLPno1FuRg=="
    },
    "scroll": {
      "version": "2.0.1",
      "resolved": "https://registry.npmjs.org/scroll/-/scroll-2.0.1.tgz",
      "integrity": "sha1-tMfSfovPOuiligQvJyaK4/VfnM0=",
      "requires": {
        "rafl": "1.2.2"
      }
    },
    "setimmediate": {
      "version": "1.0.5",
      "resolved": "https://registry.npmjs.org/setimmediate/-/setimmediate-1.0.5.tgz",
      "integrity": "sha1-KQy7Iy4waULX1+qbg3Mqt4VvgoU="
    },
    "symbol-observable": {
      "version": "1.0.4",
      "resolved": "https://registry.npmjs.org/symbol-observable/-/symbol-observable-1.0.4.tgz",
      "integrity": "sha1-Kb9hXUqnEhvdiYsi1LP5vE4qoD0="
    },
    "theming": {
      "version": "1.1.0",
      "resolved": "https://registry.npmjs.org/theming/-/theming-1.1.0.tgz",
      "integrity": "sha512-YRhQV+eqeuef70eqfMGKGR+3DBXoWJ4lsrSSuj8dzrv0/EsnVuDmZAjIifESvJARtuP1KbMpdl8qbXdLAz4t/w==",
      "requires": {
        "brcast": "2.0.2",
        "is-function": "1.0.1",
        "is-plain-object": "2.0.4",
        "prop-types": "15.5.10",
        "react": "15.6.1"
      },
      "dependencies": {
        "brcast": {
          "version": "2.0.2",
          "resolved": "https://registry.npmjs.org/brcast/-/brcast-2.0.2.tgz",
          "integrity": "sha512-Tfn5JSE7hrUlFcOoaLzVvkbgIemIorMIyoMr3TgvszWW7jFt2C9PdeMLtysYD9RU0MmU17b69+XJG1eRY2OBRg=="
        },
        "react": {
          "version": "15.6.1",
          "resolved": "https://registry.npmjs.org/react/-/react-15.6.1.tgz",
          "integrity": "sha1-uqhDTsZ4C96ZfNw4C3nNM7ljk98=",
          "requires": {
            "create-react-class": "15.6.0",
            "fbjs": "0.8.15",
            "loose-envify": "1.3.1",
            "object-assign": "4.1.1",
            "prop-types": "15.5.10"
          }
        }
      }
    },
    "ua-parser-js": {
      "version": "0.7.14",
      "resolved": "https://registry.npmjs.org/ua-parser-js/-/ua-parser-js-0.7.14.tgz",
      "integrity": "sha1-EQ1T+kw/MmwSEpK76skE0uAzh8o="
    },
    "value-equal": {
      "version": "0.4.0",
      "resolved": "https://registry.npmjs.org/value-equal/-/value-equal-0.4.0.tgz",
      "integrity": "sha512-x+cYdNnaA3CxvMaTX0INdTCN8m8aF2uY9BvEqmxuYp8bL09cs/kWVQPVGcA35fMktdOsP69IgU7wFj/61dJHEw=="
    },
    "warning": {
      "version": "3.0.0",
      "resolved": "https://registry.npmjs.org/warning/-/warning-3.0.0.tgz",
      "integrity": "sha1-MuU3fLVy3kqwR1O9+IIcAe1gW3w=",
      "requires": {
        "loose-envify": "1.3.1"
      }
    },
    "whatwg-fetch": {
      "version": "2.0.3",
      "resolved": "https://registry.npmjs.org/whatwg-fetch/-/whatwg-fetch-2.0.3.tgz",
      "integrity": "sha1-nITsLc9oGH/wC8ZOEnS0QhduHIQ="
    }
  }
}
